PODS:
  - BaumaPlugin (0.0.1):
    - Capacitor
  - Capacitor (5.4.1):
    - CapacitorCordova
  - CapacitorApp (5.0.6):
    - Capacitor
  - CapacitorAppLauncher (6.0.0):
    - Capacitor
  - CapacitorCamera (5.0.7):
    - Capacitor
  - CapacitorCommunityFileOpener (1.0.5):
    - Capacitor
  - CapacitorCordova (5.4.1)
  - CapacitorFilesystem (5.1.4):
    - Capacitor
  - CapacitorHaptics (5.0.6):
    - Capacitor
  - CapacitorKeyboard (5.0.6):
    - Capacitor
  - CapacitorPreferences (5.0.6):
    - Capacitor
  - CapacitorStatusBar (5.0.6):
    - Capacitor
  - CapacitorVoiceRecorder (5.0.0):
    - Capacitor
  - CapawesomeCapacitorFilePicker (5.1.1):
    - Capacitor
  - CapawesomeCapacitorScreenOrientation (5.0.1):
    - Capacitor
  - PerfoodCapacitorHealthkit (1.3.0):
    - Capacitor

DEPENDENCIES:
  - BaumaPlugin (from `../../src/assets/custom_plugins/bauma-plugin`)
  - "Capacitor (from `../../node_modules/@capacitor/ios`)"
  - "CapacitorApp (from `../../node_modules/@capacitor/app`)"
  - "CapacitorAppLauncher (from `../../node_modules/@capacitor/app-launcher`)"
  - "CapacitorCamera (from `../../node_modules/@capacitor/camera`)"
  - "CapacitorCommunityFileOpener (from `../../node_modules/@capacitor-community/file-opener`)"
  - "CapacitorCordova (from `../../node_modules/@capacitor/ios`)"
  - "CapacitorFilesystem (from `../../node_modules/@capacitor/filesystem`)"
  - "CapacitorHaptics (from `../../node_modules/@capacitor/haptics`)"
  - "CapacitorKeyboard (from `../../node_modules/@capacitor/keyboard`)"
  - "CapacitorPreferences (from `../../node_modules/@capacitor/preferences`)"
  - "CapacitorStatusBar (from `../../node_modules/@capacitor/status-bar`)"
  - CapacitorVoiceRecorder (from `../../node_modules/capacitor-voice-recorder`)
  - "CapawesomeCapacitorFilePicker (from `../../node_modules/@capawesome/capacitor-file-picker`)"
  - "CapawesomeCapacitorScreenOrientation (from `../../node_modules/@capawesome/capacitor-screen-orientation`)"
  - PerfoodCapacitorHealthkit (from `../../../../../capacitor-healthkit`)

EXTERNAL SOURCES:
  BaumaPlugin:
    :path: "../../src/assets/custom_plugins/bauma-plugin"
  Capacitor:
    :path: "../../node_modules/@capacitor/ios"
  CapacitorApp:
    :path: "../../node_modules/@capacitor/app"
  CapacitorAppLauncher:
    :path: "../../node_modules/@capacitor/app-launcher"
  CapacitorCamera:
    :path: "../../node_modules/@capacitor/camera"
  CapacitorCommunityFileOpener:
    :path: "../../node_modules/@capacitor-community/file-opener"
  CapacitorCordova:
    :path: "../../node_modules/@capacitor/ios"
  CapacitorFilesystem:
    :path: "../../node_modules/@capacitor/filesystem"
  CapacitorHaptics:
    :path: "../../node_modules/@capacitor/haptics"
  CapacitorKeyboard:
    :path: "../../node_modules/@capacitor/keyboard"
  CapacitorPreferences:
    :path: "../../node_modules/@capacitor/preferences"
  CapacitorStatusBar:
    :path: "../../node_modules/@capacitor/status-bar"
  CapacitorVoiceRecorder:
    :path: "../../node_modules/capacitor-voice-recorder"
  CapawesomeCapacitorFilePicker:
    :path: "../../node_modules/@capawesome/capacitor-file-picker"
  CapawesomeCapacitorScreenOrientation:
    :path: "../../node_modules/@capawesome/capacitor-screen-orientation"
  PerfoodCapacitorHealthkit:
    :path: "../../../../../capacitor-healthkit"

SPEC CHECKSUMS:
  BaumaPlugin: 0a932c7607bc6e8d088a300e76735e97ef197204
  Capacitor: 4c0681b47eebeba1f902093d24149cf2f518393e
  CapacitorApp: 024e1b1bea5f883d79f6330d309bc441c88ad04a
  CapacitorAppLauncher: 24ce4be152a84883378d22114ffe6c492056ced2
  CapacitorCamera: 084b0b228bba7d00587910337b1c89e93b1d32ab
  CapacitorCommunityFileOpener: 8ae87db61961a6166cb929cc16e3cc719ea58da1
  CapacitorCordova: 1222fdd78bfd0d323cc22bf254eed1484fe6c92a
  CapacitorFilesystem: af704badfbc69f6f8623d9ed313e5490e3723dcb
  CapacitorHaptics: 1fffc1217c7e64a472d7845be50fb0c2f7d4204c
  CapacitorKeyboard: b978154b024a5f65e044908e37d15b7de58b9d12
  CapacitorPreferences: f03954bcb0ff09c792909e46bff88e3183c16b10
  CapacitorStatusBar: 565c0a1ebd79bb40d797606a8992b4a105885309
  CapacitorVoiceRecorder: 872ea857b497ce2c71afe3e4eb5de0a74290c0db
  CapawesomeCapacitorFilePicker: 4a27a464c569de315738fcb7bdd3ad544ef3c7c2
  CapawesomeCapacitorScreenOrientation: a757a72cd4a113142638c049af61441793721f07
  PerfoodCapacitorHealthkit: 88f6e78b319072c4d0aec439b2fcc14d3f05d311

PODFILE CHECKSUM: 0276881e1111e8427ff09d736513d69dad834185

COCOAPODS: 1.15.2
